Microsoft Visual Studio Solution File, Format Version 12.00
# Visual Studio Version 16
VisualStudioVersion = 16.0.0.0
MinimumVisualStudioVersion = 16.0.0.0
Project("{9A19103F-16F7-4668-BE54-9A1E7A4F7556}") = "MogalTime.Server", "Server\MogalTime.Server.csproj", "{48E20706-491C-4E72-BB86-D8B24BA6A816}"
EndProject
Project("{9A19103F-16F7-4668-BE54-9A1E7A4F7556}") = "MogalTime.Client", "Client\MogalTime.Client.csproj", "{E87BD1A4-1FF6-47DB-960F-C3949BFDA0C3}"
EndProject
Project("{9A19103F-16F7-4668-BE54-9A1E7A4F7556}") = "MogalTime.Shared", "Shared\MogalTime.Shared.csproj", "{222DE1CC-10D6-43DB-A3A6-A26EB540B788}"
EndProject
Global
	GlobalSection(SolutionConfigurationPlatforms) = preSolution
		Debug|Any CPU = Debug|Any CPU
		Debug|x64 = Debug|x64
		Debug|x86 = Debug|x86
		Release|Any CPU = Release|Any CPU
		Release|x64 = Release|x64
		Release|x86 = Release|x86
	EndGlobalSection
	GlobalSection(ProjectConfigurationPlatforms) = postSolution
		{E87BD1A4-1FF6-47DB-960F-C3949BFDA0C3}.Debug|Any CPU.ActiveCfg = Debug|Any CPU
		{E87BD1A4-1FF6-47DB-960F-C3949BFDA0C3}.Debug|Any CPU.Build.0 = Debug|Any CPU
		{E87BD1A4-1FF6-47DB-960F-C3949BFDA0C3}.Debug|x64.ActiveCfg = Debug|Any CPU
		{E87BD1A4-1FF6-47DB-960F-C3949BFDA0C3}.Debug|x64.Build.0 = Debug|Any CPU
		{E87BD1A4-1FF6-47DB-960F-C3949BFDA0C3}.Debug|x86.ActiveCfg = Debug|Any CPU
		{E87BD1A4-1FF6-47DB-960F-C3949BFDA0C3}.Debug|x86.Build.0 = Debug|Any CPU
		{E87BD1A4-1FF6-47DB-960F-C3949BFDA0C3}.Release|Any CPU.ActiveCfg = Release|Any CPU
		{E87BD1A4-1FF6-47DB-960F-C3949BFDA0C3}.Release|Any CPU.Build.0 = Release|Any CPU
		{E87BD1A4-1FF6-47DB-960F-C3949BFDA0C3}.Release|x64.ActiveCfg = Release|Any CPU
		{E87BD1A4-1FF6-47DB-960F-C3949BFDA0C3}.Release|x64.Build.0 = Release|Any CPU
		{E87BD1A4-1FF6-47DB-960F-C3949BFDA0C3}.Release|x86.ActiveCfg = Release|Any CPU
		{E87BD1A4-1FF6-47DB-960F-C3949BFDA0C3}.Release|x86.Build.0 = Release|Any CPU
		{48E20706-491C-4E72-BB86-D8B24BA6A816}.Debug|Any CPU.ActiveCfg = Debug|Any CPU
		{48E20706-491C-4E72-BB86-D8B24BA6A816}.Debug|Any CPU.Build.0 = Debug|Any CPU
		{48E20706-491C-4E72-BB86-D8B24BA6A816}.Debug|x64.ActiveCfg = Debug|Any CPU
		{48E20706-491C-4E72-BB86-D8B24BA6A816}.Debug|x64.Build.0 = Debug|Any CPU
		{48E20706-491C-4E72-BB86-D8B24BA6A816}.Debug|x86.ActiveCfg = Debug|Any CPU
		{48E20706-491C-4E72-BB86-D8B24BA6A816}.Debug|x86.Build.0 = Debug|Any CPU
		{48E20706-491C-4E72-BB86-D8B24BA6A816}.Release|Any CPU.ActiveCfg = Release|Any CPU
		{48E20706-491C-4E72-BB86-D8B24BA6A816}.Release|Any CPU.Build.0 = Release|Any CPU
		{48E20706-491C-4E72-BB86-D8B24BA6A816}.Release|x64.ActiveCfg = Release|Any CPU
		{48E20706-491C-4E72-BB86-D8B24BA6A816}.Release|x64.Build.0 = Release|Any CPU
		{48E20706-491C-4E72-BB86-D8B24BA6A816}.Release|x86.ActiveCfg = Release|Any CPU
		{48E20706-491C-4E72-BB86-D8B24BA6A816}.Release|x86.Build.0 = Release|Any CPU
		{222DE1CC-10D6-43DB-A3A6-A26EB540B788}.Debug|Any CPU.ActiveCfg = Debug|Any CPU
		{222DE1CC-10D6-43DB-A3A6-A26EB540B788}.Debug|Any CPU.Build.0 = Debug|Any CPU
		{222DE1CC-10D6-43DB-A3A6-A26EB540B788}.Debug|x64.ActiveCfg = Debug|Any CPU
		{222DE1CC-10D6-43DB-A3A6-A26EB540B788}.Debug|x64.Build.0 = Debug|Any CPU
		{222DE1CC-10D6-43DB-A3A6-A26EB540B788}.Debug|x86.ActiveCfg = Debug|Any CPU
		{222DE1CC-10D6-43DB-A3A6-A26EB540B788}.Debug|x86.Build.0 = Debug|Any CPU
		{222DE1CC-10D6-43DB-A3A6-A26EB540B788}.Release|Any CPU.ActiveCfg = Release|Any CPU
		{222DE1CC-10D6-43DB-A3A6-A26EB540B788}.Release|Any CPU.Build.0 = Release|Any CPU
		{222DE1CC-10D6-43DB-A3A6-A26EB540B788}.Release|x64.ActiveCfg = Release|Any CPU
		{222DE1CC-10D6-43DB-A3A6-A26EB540B788}.Release|x64.Build.0 = Release|Any CPU
		{222DE1CC-10D6-43DB-A3A6-A26EB540B788}.Release|x86.ActiveCfg = Release|Any CPU
		{222DE1CC-10D6-43DB-A3A6-A26EB540B788}.Release|x86.Build.0 = Release|Any CPU
	EndGlobalSection
	GlobalSection(SolutionProperties) = preSolution
		HideSolutionNode = FALSE
	EndGlobalSection
	GlobalSection(ExtensibilityGlobals) = postSolution
		SolutionGuid = {0919DEDA-4242-4DE6-AA04-5B3D2D230E6C}
	EndGlobalSection
EndGlobal